// !$*UTF8*$!
{
	archiveVersion = 1;
	classes = {
	};
	objectVersion = 48;
	objects = {

/* Begin PBXBuildFile section */
		06CE3BF720454FEF00DCBD92 /* AppDelegate.swift in Sources */ = {isa = PBXBuildFile; fileRef = 06CE3BF620454FEF00DCBD92 /* AppDelegate.swift */; };
		06CE3BF920454FEF00DCBD92 /* LogInViewController.swift in Sources */ = {isa = PBXBuildFile; fileRef = 06CE3BF820454FEF00DCBD92 /* LogInViewController.swift */; };
		06CE3BFC20454FEF00DCBD92 /* Main.storyboard in Resources */ = {isa = PBXBuildFile; fileRef = 06CE3BFA20454FEF00DCBD92 /* Main.storyboard */; };
		06CE3BFE20454FEF00DCBD92 /* Assets.xcassets in Resources */ = {isa = PBXBuildFile; fileRef = 06CE3BFD20454FEF00DCBD92 /* Assets.xcassets */; };
		06CE3C0120454FEF00DCBD92 /* LaunchScreen.storyboard in Resources */ = {isa = PBXBuildFile; fileRef = 06CE3BFF20454FEF00DCBD92 /* LaunchScreen.storyboard */; };
		06CE3C122045536F00DCBD92 /* UIView+Constraints.swift in Sources */ = {isa = PBXBuildFile; fileRef = 06CE3C112045536F00DCBD92 /* UIView+Constraints.swift */; };
		06CE3C142045539800DCBD92 /* UIColor+Extension.swift in Sources */ = {isa = PBXBuildFile; fileRef = 06CE3C132045539800DCBD92 /* UIColor+Extension.swift */; };
		28C672AAF684A96F08D02BE0 /* Pods_ApiechoTask.framework in Frameworks */ = {isa = PBXBuildFile; fileRef = B8BEF99775506786AD2BA54F /* Pods_ApiechoTask.framework */; };
/* End PBXBuildFile section */

/* Begin PBXFileReference section */
		06CE3BF320454FEF00DCBD92 /* ApiechoTask.app */ = {isa = PBXFileReference; explicitFileType = wrapper.application; includeInIndex = 0; path = ApiechoTask.app; sourceTree = BUILT_PRODUCTS_DIR; };
		06CE3BF620454FEF00DCBD92 /* AppDelegate.swift */ = {isa = PBXFileReference; lastKnownFileType = sourcecode.swift; path = AppDelegate.swift; sourceTree = "<group>"; };
		06CE3BF820454FEF00DCBD92 /* LogInViewController.swift */ = {isa = PBXFileReference; lastKnownFileType = sourcecode.swift; path = LogInViewController.swift; sourceTree = "<group>"; };
		06CE3BFB20454FEF00DCBD92 /* Base */ = {isa = PBXFileReference; lastKnownFileType = file.storyboard; name = Base; path = Base.lproj/Main.storyboard; sourceTree = "<group>"; };
		06CE3BFD20454FEF00DCBD92 /* Assets.xcassets */ = {isa = PBXFileReference; lastKnownFileType = folder.assetcatalog; path = Assets.xcassets; sourceTree = "<group>"; };
		06CE3C0020454FEF00DCBD92 /* Base */ = {isa = PBXFileReference; lastKnownFileType = file.storyboard; name = Base; path = Base.lproj/LaunchScreen.storyboard; sourceTree = "<group>"; };
		06CE3C0220454FEF00DCBD92 /* Info.plist */ = {isa = PBXFileReference; lastKnownFileType = text.plist.xml; path = Info.plist; sourceTree = "<group>"; };
		06CE3C112045536F00DCBD92 /* UIView+Constraints.swift */ = {isa = PBXFileReference; lastKnownFileType = sourcecode.swift; path = "UIView+Constraints.swift"; sourceTree = "<group>"; };
		06CE3C132045539800DCBD92 /* UIColor+Extension.swift */ = {isa = PBXFileReference; lastKnownFileType = sourcecode.swift; path = "UIColor+Extension.swift"; sourceTree = "<group>"; };
		461D16409AA43127C8D4CD3B /* Pods-ApiechoTask.debug.xcconfig */ = {isa = PBXFileReference; includeInIndex = 1; lastKnownFileType = text.xcconfig; name = "Pods-ApiechoTask.debug.xcconfig"; path = "Pods/Target Support Files/Pods-ApiechoTask/Pods-ApiechoTask.debug.xcconfig"; sourceTree = "<group>"; };
		B8BEF99775506786AD2BA54F /* Pods_ApiechoTask.framework */ = {isa = PBXFileReference; explicitFileType = wrapper.framework; includeInIndex = 0; path = Pods_ApiechoTask.framework; sourceTree = BUILT_PRODUCTS_DIR; };
		C2B89A147CD14675EC6144FD /* Pods-ApiechoTask.release.xcconfig */ = {isa = PBXFileReference; includeInIndex = 1; lastKnownFileType = text.xcconfig; name = "Pods-ApiechoTask.release.xcconfig"; path = "Pods/Target Support Files/Pods-ApiechoTask/Pods-ApiechoTask.release.xcconfig"; sourceTree = "<group>"; };
/* End PBXFileReference section */

/* Begin PBXFrameworksBuildPhase section */
		06CE3BF020454FEF00DCBD92 /* Frameworks */ = {
			isa = PBXFrameworksBuildPhase;
			buildActionMask = 2147483647;
			files = (
				28C672AAF684A96F08D02BE0 /* Pods_ApiechoTask.framework in Frameworks */,
			);
			runOnlyForDeploymentPostprocessing = 0;
		};
/* End PBXFrameworksBuildPhase section */

/* Begin PBXGroup section */
		06CE3BEA20454FEF00DCBD92 = {
			isa = PBXGroup;
			children = (
				06CE3BF520454FEF00DCBD92 /* ApiechoTask */,
				06CE3BF420454FEF00DCBD92 /* Products */,
				BC4CB3868B7A947A1BB7CB27 /* Pods */,
				FB888B6E0850E58BD00E109F /* Frameworks */,
			);
			sourceTree = "<group>";
		};
		06CE3BF420454FEF00DCBD92 /* Products */ = {
			isa = PBXGroup;
			children = (
				06CE3BF320454FEF00DCBD92 /* ApiechoTask.app */,
			);
			name = Products;
			sourceTree = "<group>";
		};
		06CE3BF520454FEF00DCBD92 /* ApiechoTask */ = {
			isa = PBXGroup;
			children = (
				06CE3C0D2045531300DCBD92 /* Helpers */,
				06CE3C0B204552E400DCBD92 /* Services */,
				06CE3C0A204552DA00DCBD92 /* ViewControllers */,
				06CE3C09204552CD00DCBD92 /* ViewModels */,
				06CE3C08204552B700DCBD92 /* Models */,
				06CE3BF620454FEF00DCBD92 /* AppDelegate.swift */,
				06CE3BFA20454FEF00DCBD92 /* Main.storyboard */,
				06CE3BFD20454FEF00DCBD92 /* Assets.xcassets */,
				06CE3BFF20454FEF00DCBD92 /* LaunchScreen.storyboard */,
				06CE3C0220454FEF00DCBD92 /* Info.plist */,
			);
			path = ApiechoTask;
			sourceTree = "<group>";
		};
		06CE3C08204552B700DCBD92 /* Models */ = {
			isa = PBXGroup;
			children = (
			);
			path = Models;
			sourceTree = "<group>";
		};
		06CE3C09204552CD00DCBD92 /* ViewModels */ = {
			isa = PBXGroup;
			children = (
			);
			path = ViewModels;
			sourceTree = "<group>";
		};
		06CE3C0A204552DA00DCBD92 /* ViewControllers */ = {
			isa = PBXGroup;
			children = (
				06CE3BF820454FEF00DCBD92 /* LogInViewController.swift */,
			);
			path = ViewControllers;
			sourceTree = "<group>";
		};
		06CE3C0B204552E400DCBD92 /* Services */ = {
			isa = PBXGroup;
			children = (
				06CE3C102045534400DCBD92 /* Networking */,
			);
			path = Services;
			sourceTree = "<group>";
		};
		06CE3C0D2045531300DCBD92 /* Helpers */ = {
			isa = PBXGroup;
			children = (
				06CE3C0F2045533600DCBD92 /* Extensions */,
				06CE3C0E2045532A00DCBD92 /* Constants */,
			);
			path = Helpers;
			sourceTree = "<group>";
		};
		06CE3C0E2045532A00DCBD92 /* Constants */ = {
			isa = PBXGroup;
			children = (
			);
			path = Constants;
			sourceTree = "<group>";
		};
		06CE3C0F2045533600DCBD92 /* Extensions */ = {
			isa = PBXGroup;
			children = (
				06CE3C112045536F00DCBD92 /* UIView+Constraints.swift */,
				06CE3C132045539800DCBD92 /* UIColor+Extension.swift */,
			);
			path = Extensions;
			sourceTree = "<group>";
		};
		06CE3C102045534400DCBD92 /* Networking */ = {
			isa = PBXGroup;
			children = (
			);
			path = Networking;
			sourceTree = "<group>";
		};
		BC4CB3868B7A947A1BB7CB27 /* Pods */ = {
			isa = PBXGroup;
			children = (
				461D16409AA43127C8D4CD3B /* Pods-ApiechoTask.debug.xcconfig */,
				C2B89A147CD14675EC6144FD /* Pods-ApiechoTask.release.xcconfig */,
			);
			name = Pods;
			sourceTree = "<group>";
		};
		FB888B6E0850E58BD00E109F /* Frameworks */ = {
			isa = PBXGroup;
			children = (
				B8BEF99775506786AD2BA54F /* Pods_ApiechoTask.framework */,
			);
			name = Frameworks;
			sourceTree = "<group>";
		};
/* End PBXGroup section */

/* Begin PBXNativeTarget section */
		06CE3BF220454FEF00DCBD92 /* ApiechoTask */ = {
			isa = PBXNativeTarget;
			buildConfigurationList = 06CE3C0520454FEF00DCBD92 /* Build configuration list for PBXNativeTarget "ApiechoTask" */;
			buildPhases = (
				830F14E89DDF8148E44668CA /* [CP] Check Pods Manifest.lock */,
				06CE3BEF20454FEF00DCBD92 /* Sources */,
				06CE3BF020454FEF00DCBD92 /* Frameworks */,
				06CE3BF120454FEF00DCBD92 /* Resources */,
				B736612DC598425248E65EFF /* [CP] Embed Pods Frameworks */,
				822908F2D8EE8A81B7ADF552 /* [CP] Copy Pods Resources */,
			);
			buildRules = (
			);
			dependencies = (
			);
			name = ApiechoTask;
			productName = ApiechoTask;
			productReference = 06CE3BF320454FEF00DCBD92 /* ApiechoTask.app */;
			productType = "com.apple.product-type.application";
		};
/* End PBXNativeTarget section */

/* Begin PBXProject section */
		06CE3BEB20454FEF00DCBD92 /* Project object */ = {
			isa = PBXProject;
			attributes = {
				LastSwiftUpdateCheck = 0920;
				LastUpgradeCheck = 0920;
				ORGANIZATIONNAME = Katerina;
				TargetAttributes = {
					06CE3BF220454FEF00DCBD92 = {
						CreatedOnToolsVersion = 9.2;
						ProvisioningStyle = Automatic;
					};
				};
			};
			buildConfigurationList = 06CE3BEE20454FEF00DCBD92 /* Build configuration list for PBXProject "ApiechoTask" */;
			compatibilityVersion = "Xcode 8.0";
			developmentRegion = en;
			hasScannedForEncodings = 0;
			knownRegions = (
				en,
				Base,
			);
			mainGroup = 06CE3BEA20454FEF00DCBD92;
			productRefGroup = 06CE3BF420454FEF00DCBD92 /* Products */;
			projectDirPath = "";
			projectRoot = "";
			targets = (
				06CE3BF220454FEF00DCBD92 /* ApiechoTask */,
			);
		};
/* End PBXProject section */

/* Begin PBXResourcesBuildPhase section */
		06CE3BF120454FEF00DCBD92 /* Resources */ = {
			isa = PBXResourcesBuildPhase;
			buildActionMask = 2147483647;
			files = (
				06CE3C0120454FEF00DCBD92 /* LaunchScreen.storyboard in Resources */,
				06CE3BFE20454FEF00DCBD92 /* Assets.xcassets in Resources */,
				06CE3BFC20454FEF00DCBD92 /* Main.storyboard in Resources */,
			);
			runOnlyForDeploymentPostprocessing = 0;
		};
/* End PBXResourcesBuildPhase section */

/* Begin PBXShellScriptBuildPhase section */
		822908F2D8EE8A81B7ADF552 /* [CP] Copy Pods Resources */ = {
			isa = PBXShellScriptBuildPhase;
			buildActionMask = 2147483647;
			files = (
			);
			inputPaths = (
			);
			name = "[CP] Copy Pods Resources";
			outputPaths = (
			);
			runOnlyForDeploymentPostprocessing = 0;
			shellPath = /bin/sh;
			shellScript = "\"${SRCROOT}/Pods/Target Support Files/Pods-ApiechoTask/Pods-ApiechoTask-resources.sh\"\n";
			showEnvVarsInLog = 0;
		};
		830F14E89DDF8148E44668CA /* [CP] Check Pods Manifest.lock */ = {
			isa = PBXShellScriptBuildPhase;
			buildActionMask = 2147483647;
			files = (
			);
			inputPaths = (
				"${PODS_PODFILE_DIR_PATH}/Podfile.lock",
				"${PODS_ROOT}/Manifest.lock",
			);
			name = "[CP] Check Pods Manifest.lock";
			outputPaths = (
				"$(DERIVED_FILE_DIR)/Pods-ApiechoTask-checkManifestLockResult.txt",
			);
			runOnlyForDeploymentPostprocessing = 0;
			shellPath = /bin/sh;
			shellScript = "diff \"${PODS_PODFILE_DIR_PATH}/Podfile.lock\" \"${PODS_ROOT}/Manifest.lock\" > /dev/null\nif [ $? != 0 ] ; then\n    # print error to STDERR\n    echo \"error: The sandbox is not in sync with the Podfile.lock. Run 'pod install' or update your CocoaPods installation.\" >&2\n    exit 1\nfi\n# This output is used by Xcode 'outputs' to avoid re-running this script phase.\necho \"SUCCESS\" > \"${SCRIPT_OUTPUT_FILE_0}\"\n";
			showEnvVarsInLog = 0;
		};
		B736612DC598425248E65EFF /* [CP] Embed Pods Frameworks */ = {
			isa = PBXShellScriptBuildPhase;
			buildActionMask = 2147483647;
			files = (
			);
			inputPaths = (
				"${SRCROOT}/Pods/Target Support Files/Pods-ApiechoTask/Pods-ApiechoTask-frameworks.sh",
				"${BUILT_PRODUCTS_DIR}/Alamofire/Alamofire.framework",
				"${BUILT_PRODUCTS_DIR}/SkyFloatingLabelTextField/SkyFloatingLabelTextField.framework",
			);
			name = "[CP] Embed Pods Frameworks";
			outputPaths = (
				"${TARGET_BUILD_DIR}/${FRAMEWORKS_FOLDER_PATH}/Alamofire.framework",
				"${TARGET_BUILD_DIR}/${FRAMEWORKS_FOLDER_PATH}/SkyFloatingLabelTextField.framework",
			);
			runOnlyForDeploymentPostprocessing = 0;
			shellPath = /bin/sh;
			shellScript = "\"${SRCROOT}/Pods/Target Support Files/Pods-ApiechoTask/Pods-ApiechoTask-frameworks.sh\"\n";
			showEnvVarsInLog = 0;
		};
/* End PBXShellScriptBuildPhase section */

/* Begin PBXSourcesBuildPhase section */
		06CE3BEF20454FEF00DCBD92 /* Sources */ = {
			isa = PBXSourcesBuildPhase;
			buildActionMask = 2147483647;
			files = (
				06CE3C122045536F00DCBD92 /* UIView+Constraints.swift in Sources */,
				06CE3BF920454FEF00DCBD92 /* LogInViewController.swift in Sources */,
				06CE3BF720454FEF00DCBD92 /* AppDelegate.swift in Sources */,
				06CE3C142045539800DCBD92 /* UIColor+Extension.swift in Sources */,
			);
			runOnlyForDeploymentPostprocessing = 0;
		};
/* End PBXSourcesBuildPhase section */

/* Begin PBXVariantGroup section */
		06CE3BFA20454FEF00DCBD92 /* Main.storyboard */ = {
			isa = PBXVariantGroup;
			children = (
				06CE3BFB20454FEF00DCBD92 /* Base */,
			);
			name = Main.storyboard;
			sourceTree = "<group>";
		};
		06CE3BFF20454FEF00DCBD92 /* LaunchScreen.storyboard */ = {
			isa = PBXVariantGroup;
			children = (
				06CE3C0020454FEF00DCBD92 /* Base */,
			);
			name = LaunchScreen.storyboard;
			sourceTree = "<group>";
		};
/* End PBXVariantGroup section */

/* Begin XCBuildConfiguration section */
		06CE3C0320454FEF00DCBD92 /* Debug */ = {
			isa = XCBuildConfiguration;
			buildSettings = {
				ALWAYS_SEARCH_USER_PATHS = NO;
				CLANG_ANALYZER_NONNULL = YES;
				CLANG_ANALYZER_NUMBER_OBJECT_CONVERSION = YES_AGGRESSIVE;
				CLANG_CXX_LANGUAGE_STANDARD = "gnu++14";
				CLANG_CXX_LIBRARY = "libc++";
				CLANG_ENABLE_MODULES = YES;
				CLANG_ENABLE_OBJC_ARC = YES;
				CLANG_WARN_BLOCK_CAPTURE_AUTORELEASING = YES;
				CLANG_WARN_BOOL_CONVERSION = YES;
				CLANG_WARN_COMMA = YES;
				CLANG_WARN_CONSTANT_CONVERSION = YES;
				CLANG_WARN_DIRECT_OBJC_ISA_USAGE = YES_ERROR;
				CLANG_WARN_DOCUMENTATION_COMMENTS = YES;
				CLANG_WARN_EMPTY_BODY = YES;
				CLANG_WARN_ENUM_CONVERSION = YES;
				CLANG_WARN_INFINITE_RECURSION = YES;
				CLANG_WARN_INT_CONVERSION = YES;
				CLANG_WARN_NON_LITERAL_NULL_CONVERSION = YES;
				CLANG_WARN_OBJC_LITERAL_CONVERSION = YES;
				CLANG_WARN_OBJC_ROOT_CLASS = YES_ERROR;
				CLANG_WARN_RANGE_LOOP_ANALYSIS = YES;
				CLANG_WARN_STRICT_PROTOTYPES = YES;
				CLANG_WARN_SUSPICIOUS_MOVE = YES;
				CLANG_WARN_UNGUARDED_AVAILABILITY = YES_AGGRESSIVE;
				CLANG_WARN_UNREACHABLE_CODE = YES;
				CLANG_WARN__DUPLICATE_METHOD_MATCH = YES;
				CODE_SIGN_IDENTITY = "iPhone Developer";
				COPY_PHASE_STRIP = NO;
				DEBUG_INFORMATION_FORMAT = dwarf;
				ENABLE_STRICT_OBJC_MSGSEND = YES;
				ENABLE_TESTABILITY = YES;
				GCC_C_LANGUAGE_STANDARD = gnu11;
				GCC_DYNAMIC_NO_PIC = NO;
				GCC_NO_COMMON_BLOCKS = YES;
				GCC_OPTIMIZATION_LEVEL = 0;
				GCC_PREPROCESSOR_DEFINITIONS = (
					"DEBUG=1",
					"$(inherited)",
				);
				GCC_WARN_64_TO_32_BIT_CONVERSION = YES;
				GCC_WARN_ABOUT_RETURN_TYPE = YES_ERROR;
				GCC_WARN_UNDECLARED_SELECTOR = YES;
				GCC_WARN_UNINITIALIZED_AUTOS = YES_AGGRESSIVE;
				GCC_WARN_UNUSED_FUNCTION = YES;
				GCC_WARN_UNUSED_VARIABLE = YES;
				IPHONEOS_DEPLOYMENT_TARGET = 11.2;
				MTL_ENABLE_DEBUG_INFO = YES;
				ONLY_ACTIVE_ARCH = YES;
				SDKROOT = iphoneos;
				SWIFT_ACTIVE_COMPILATION_CONDITIONS = DEBUG;
				SWIFT_OPTIMIZATION_LEVEL = "-Onone";
			};
			name = Debug;
		};
		06CE3C0420454FEF00DCBD92 /* Release */ = {
			isa = XCBuildConfiguration;
			buildSettings = {
				ALWAYS_SEARCH_USER_PATHS = NO;
				CLANG_ANALYZER_NONNULL = YES;
				CLANG_ANALYZER_NUMBER_OBJECT_CONVERSION = YES_AGGRESSIVE;
				CLANG_CXX_LANGUAGE_STANDARD = "gnu++14";
				CLANG_CXX_LIBRARY = "libc++";
				CLANG_ENABLE_MODULES = YES;
				CLANG_ENABLE_OBJC_ARC = YES;
				CLANG_WARN_BLOCK_CAPTURE_AUTORELEASING = YES;
				CLANG_WARN_BOOL_CONVERSION = YES;
				CLANG_WARN_COMMA = YES;
				CLANG_WARN_CONSTANT_CONVERSION = YES;
				CLANG_WARN_DIRECT_OBJC_ISA_USAGE = YES_ERROR;
				CLANG_WARN_DOCUMENTATION_COMMENTS = YES;
				CLANG_WARN_EMPTY_BODY = YES;
				CLANG_WARN_ENUM_CONVERSION = YES;
				CLANG_WARN_INFINITE_RECURSION = YES;
				CLANG_WARN_INT_CONVERSION = YES;
				CLANG_WARN_NON_LITERAL_NULL_CONVERSION = YES;
				CLANG_WARN_OBJC_LITERAL_CONVERSION = YES;
				CLANG_WARN_OBJC_ROOT_CLASS = YES_ERROR;
				CLANG_WARN_RANGE_LOOP_ANALYSIS = YES;
				CLANG_WARN_STRICT_PROTOTYPES = YES;
				CLANG_WARN_SUSPICIOUS_MOVE = YES;
				CLANG_WARN_UNGUARDED_AVAILABILITY = YES_AGGRESSIVE;
				CLANG_WARN_UNREACHABLE_CODE = YES;
				CLANG_WARN__DUPLICATE_METHOD_MATCH = YES;
				CODE_SIGN_IDENTITY = "iPhone Developer";
				COPY_PHASE_STRIP = NO;
				DEBUG_INFORMATION_FORMAT = "dwarf-with-dsym";
				ENABLE_NS_ASSERTIONS = NO;
				ENABLE_STRICT_OBJC_MSGSEND = YES;
				GCC_C_LANGUAGE_STANDARD = gnu11;
				GCC_NO_COMMON_BLOCKS = YES;
				GCC_WARN_64_TO_32_BIT_CONVERSION = YES;
				GCC_WARN_ABOUT_RETURN_TYPE = YES_ERROR;
				GCC_WARN_UNDECLARED_SELECTOR = YES;
				GCC_WARN_UNINITIALIZED_AUTOS = YES_AGGRESSIVE;
				GCC_WARN_UNUSED_FUNCTION = YES;
				GCC_WARN_UNUSED_VARIABLE = YES;
				IPHONEOS_DEPLOYMENT_TARGET = 11.2;
				MTL_ENABLE_DEBUG_INFO = NO;
				SDKROOT = iphoneos;
				SWIFT_OPTIMIZATION_LEVEL = "-Owholemodule";
				VALIDATE_PRODUCT = YES;
			};
			name = Release;
		};
		06CE3C0620454FEF00DCBD92 /* Debug */ = {
			isa = XCBuildConfiguration;
			baseConfigurationReference = 461D16409AA43127C8D4CD3B /* Pods-ApiechoTask.debug.xcconfig */;
			buildSettings = {
				ASSETCATALOG_COMPILER_APPICON_NAME = AppIcon;
				CODE_SIGN_STYLE = Automatic;
				DEVELOPMENT_TEAM = 9VD9T9R724;
				INFOPLIST_FILE = ApiechoTask/Info.plist;
				LD_RUNPATH_SEARCH_PATHS = "$(inherited) @executable_path/Frameworks";
				PRODUCT_BUNDLE_IDENTIFIER = ua.katerinanikolaenko.ApiechoTask;
				PRODUCT_NAME = "$(TARGET_NAME)";
				SWIFT_VERSION = 4.0;
				TARGETED_DEVICE_FAMILY = "1,2";
			};
			name = Debug;
		};
		06CE3C0720454FEF00DCBD92 /* Release */ = {
			isa = XCBuildConfiguration;
			baseConfigurationReference = C2B89A147CD14675EC6144FD /* Pods-ApiechoTask.release.xcconfig */;
			buildSettings = {
				ASSETCATALOG_COMPILER_APPICON_NAME = AppIcon;
				CODE_SIGN_STYLE = Automatic;
				DEVELOPMENT_TEAM = 9VD9T9R724;
				INFOPLIST_FILE = ApiechoTask/Info.plist;
				LD_RUNPATH_SEARCH_PATHS = "$(inherited) @executable_path/Frameworks";
				PRODUCT_BUNDLE_IDENTIFIER = ua.katerinanikolaenko.ApiechoTask;
				PRODUCT_NAME = "$(TARGET_NAME)";
				SWIFT_VERSION = 4.0;
				TARGETED_DEVICE_FAMILY = "1,2";
			};
			name = Release;
		};
/* End XCBuildConfiguration section */

/* Begin XCConfigurationList section */
		06CE3BEE20454FEF00DCBD92 /* Build configuration list for PBXProject "ApiechoTask" */ = {
			isa = XCConfigurationList;
			buildConfigurations = (
				06CE3C0320454FEF00DCBD92 /* Debug */,
				06CE3C0420454FEF00DCBD92 /* Release */,
			);
			defaultConfigurationIsVisible = 0;
			defaultConfigurationName = Release;
		};
		06CE3C0520454FEF00DCBD92 /* Build configuration list for PBXNativeTarget "ApiechoTask" */ = {
			isa = XCConfigurationList;
			buildConfigurations = (
				06CE3C0620454FEF00DCBD92 /* Debug */,
				06CE3C0720454FEF00DCBD92 /* Release */,
			);
			defaultConfigurationIsVisible = 0;
			defaultConfigurationName = Release;
		};
/* End XCConfigurationList section */
	};
	rootObject = 06CE3BEB20454FEF00DCBD92 /* Project object */;
}
